
Microsoft Visual Studio Solution File, Format Version 12.00
# Visual Studio Version 17
VisualStudioVersion = 17.2.32630.192
MinimumVisualStudioVersion = 10.0.40219.1
Project("{9A19103F-16F7-4668-BE54-9A1E7A4F7556}") = "VtuberTwitchFinder.Server", "VtuberTwitchFinder.Server\VtuberTwitchFinder.Server.csproj", "{93AEE611-AA67-4C1F-85B4-AEC75206D68B}"
EndProject
Project("{E24C65DC-7377-472B-9ABA-BC803B73C61A}") = "VtuberTwitchFinder.Client", "VtuberTwitchFinder.Client\", "{51F00B81-7FB7-48C2-BB2C-075603349E95}"
	ProjectSection(WebsiteProperties) = preProject
		TargetFrameworkMoniker = ".NETFramework,Version%3Dv4.8"
		Debug.AspNetCompiler.VirtualPath = "/localhost_58271"
		Debug.AspNetCompiler.PhysicalPath = "VtuberTwitchFinder.Client\"
		Debug.AspNetCompiler.TargetPath = "PrecompiledWeb\localhost_58271\"
		Debug.AspNetCompiler.Updateable = "true"
		Debug.AspNetCompiler.ForceOverwrite = "true"
		Debug.AspNetCompiler.FixedNames = "false"
		Debug.AspNetCompiler.Debug = "True"
		Release.AspNetCompiler.VirtualPath = "/localhost_58271"
		Release.AspNetCompiler.PhysicalPath = "VtuberTwitchFinder.Client\"
		Release.AspNetCompiler.TargetPath = "PrecompiledWeb\localhost_58271\"
		Release.AspNetCompiler.Updateable = "true"
		Release.AspNetCompiler.ForceOverwrite = "true"
		Release.AspNetCompiler.FixedNames = "false"
		Release.AspNetCompiler.Debug = "False"
		VWDPort = "58271"
	EndProjectSection
EndProject
Global
	GlobalSection(SolutionConfigurationPlatforms) = preSolution
		Debug|Any CPU = Debug|Any CPU
		Release|Any CPU = Release|Any CPU
	EndGlobalSection
	GlobalSection(ProjectConfigurationPlatforms) = postSolution
		{93AEE611-AA67-4C1F-85B4-AEC75206D68B}.Debug|Any CPU.ActiveCfg = Debug|Any CPU
		{93AEE611-AA67-4C1F-85B4-AEC75206D68B}.Debug|Any CPU.Build.0 = Debug|Any CPU
		{93AEE611-AA67-4C1F-85B4-AEC75206D68B}.Release|Any CPU.ActiveCfg = Release|Any CPU
		{93AEE611-AA67-4C1F-85B4-AEC75206D68B}.Release|Any CPU.Build.0 = Release|Any CPU
		{51F00B81-7FB7-48C2-BB2C-075603349E95}.Debug|Any CPU.ActiveCfg = Debug|Any CPU
		{51F00B81-7FB7-48C2-BB2C-075603349E95}.Debug|Any CPU.Build.0 = Debug|Any CPU
		{51F00B81-7FB7-48C2-BB2C-075603349E95}.Release|Any CPU.ActiveCfg = Debug|Any CPU
		{51F00B81-7FB7-48C2-BB2C-075603349E95}.Release|Any CPU.Build.0 = Debug|Any CPU
	EndGlobalSection
	GlobalSection(SolutionProperties) = preSolution
		HideSolutionNode = FALSE
	EndGlobalSection
	GlobalSection(ExtensibilityGlobals) = postSolution
		SolutionGuid = {E17DBA17-7F91-4152-8183-EB82D44F5640}
	EndGlobalSection
EndGlobal
